
Microsoft Visual Studio Solution File, Format Version 12.00
# Visual Studio 15
VisualStudioVersion = 15.0.27428.2027
MinimumVisualStudioVersion = 10.0.40219.1
Project("{FAE04EC0-301F-11D3-BF4B-00C04F79EFBC}") = "PropertyDataGrid", "PropertyDataGrid.csproj", "{5479778D-4435-43DE-ADA9-8019164799D5}"
EndProject
Project("{FAE04EC0-301F-11D3-BF4B-00C04F79EFBC}") = "PropertyDataGrid.SampleApp", "..\PropertyDataGrid.SampleApp\PropertyDataGrid.SampleApp.csproj", "{D6AEE58E-9853-4DE4-9635-D812C7054BF9}"
EndProject
Global
	GlobalSection(SolutionConfigurationPlatforms) = preSolution
		Debug|Any CPU = Debug|Any CPU
		Release|Any CPU = Release|Any CPU
	EndGlobalSection
	GlobalSection(ProjectConfigurationPlatforms) = postSolution
		{5479778D-4435-43DE-ADA9-8019164799D5}.Debug|Any CPU.ActiveCfg = Debug|Any CPU
		{5479778D-4435-43DE-ADA9-8019164799D5}.Debug|Any CPU.Build.0 = Debug|Any CPU
		{5479778D-4435-43DE-ADA9-8019164799D5}.Release|Any CPU.ActiveCfg = Release|Any CPU
		{5479778D-4435-43DE-ADA9-8019164799D5}.Release|Any CPU.Build.0 = Release|Any CPU
		{D6AEE58E-9853-4DE4-9635-D812C7054BF9}.Debug|Any CPU.ActiveCfg = Debug|Any CPU
		{D6AEE58E-9853-4DE4-9635-D812C7054BF9}.Debug|Any CPU.Build.0 = Debug|Any CPU
		{D6AEE58E-9853-4DE4-9635-D812C7054BF9}.Release|Any CPU.ActiveCfg = Release|Any CPU
		{D6AEE58E-9853-4DE4-9635-D812C7054BF9}.Release|Any CPU.Build.0 = Release|Any CPU
	EndGlobalSection
	GlobalSection(SolutionProperties) = preSolution
		HideSolutionNode = FALSE
	EndGlobalSection
	GlobalSection(ExtensibilityGlobals) = postSolution
		SolutionGuid = {89FCF440-3A5A-448E-B9C5-270BA7F99744}
	EndGlobalSection
EndGlobal
